
Microsoft Visual Studio Solution File, Format Version 12.00
# Visual Studio Version 16
VisualStudioVersion = 16.0.31911.196
MinimumVisualStudioVersion = 10.0.40219.1
Project("{FAE04EC0-301F-11D3-BF4B-00C04F79EFBC}") = "GameOfLife", "GameOfLife.csproj", "{5CEA2E6E-8748-4415-BBE7-F8C40E1285A0}"
EndProject
Global
	GlobalSection(SolutionConfigurationPlatforms) = preSolution
		Debug|Any CPU = Debug|Any CPU
		Release|Any CPU = Release|Any CPU
	EndGlobalSection
	GlobalSection(ProjectConfigurationPlatforms) = postSolution
		{5CEA2E6E-8748-4415-BBE7-F8C40E1285A0}.Debug|Any CPU.ActiveCfg = Debug|Any CPU
		{5CEA2E6E-8748-4415-BBE7-F8C40E1285A0}.Debug|Any CPU.Build.0 = Debug|Any CPU
		{5CEA2E6E-8748-4415-BBE7-F8C40E1285A0}.Release|Any CPU.ActiveCfg = Release|Any CPU
		{5CEA2E6E-8748-4415-BBE7-F8C40E1285A0}.Release|Any CPU.Build.0 = Release|Any CPU
	EndGlobalSection
	GlobalSection(SolutionProperties) = preSolution
		HideSolutionNode = FALSE
	EndGlobalSection
	GlobalSection(ExtensibilityGlobals) = postSolution
		SolutionGuid = {4A83D9EA-5936-44A8-A636-5151D9F4F524}
	EndGlobalSection
EndGlobal
